
Microsoft Visual Studio Solution File, Format Version 12.00
# Visual Studio 2012
Project("{FAE04EC0-301F-11D3-BF4B-00C04F79EFBC}") = "Poison", "Poison\Poison.csproj", "{DF1CF93F-8168-4D16-952A-25B2EFE6F17E}"
EndProject
Global
	GlobalSection(SolutionConfigurationPlatforms) = preSolution
		Debug|Any CPU = Debug|Any CPU
		Release|Any CPU = Release|Any CPU
	EndGlobalSection
	GlobalSection(ProjectConfigurationPlatforms) = postSolution
		{DF1CF93F-8168-4D16-952A-25B2EFE6F17E}.Debug|Any CPU.ActiveCfg = Debug|Any CPU
		{DF1CF93F-8168-4D16-952A-25B2EFE6F17E}.Debug|Any CPU.Build.0 = Debug|Any CPU
		{DF1CF93F-8168-4D16-952A-25B2EFE6F17E}.Release|Any CPU.ActiveCfg = Release|Any CPU
		{DF1CF93F-8168-4D16-952A-25B2EFE6F17E}.Release|Any CPU.Build.0 = Release|Any CPU
	EndGlobalSection
	GlobalSection(SolutionProperties) = preSolution
		HideSolutionNode = FALSE
	EndGlobalSection
EndGlobal
