
Microsoft Visual Studio Solution File, Format Version 12.00
# Visual Studio 2013
VisualStudioVersion = 12.0.21005.1
MinimumVisualStudioVersion = 10.0.40219.1
Project("{FAE04EC0-301F-11D3-BF4B-00C04F79EFBC}") = "Poison", "Poison\Poison.csproj", "{DF1CF93F-8168-4D16-952A-25B2EFE6F17E}"
EndProject
Project("{FAE04EC0-301F-11D3-BF4B-00C04F79EFBC}") = "Poison.Test", "Poison.Test\Poison.Test.csproj", "{3A3E4AD3-EB9C-4847-9E82-367296F25E96}"
EndProject
Project("{FAE04EC0-301F-11D3-BF4B-00C04F79EFBC}") = "Poison.Sample1", "Poison.Sample1\Poison.Sample1.csproj", "{3F8AD7A8-BBF7-4BFF-9C52-29844B9735C3}"
EndProject
Project("{FAE04EC0-301F-11D3-BF4B-00C04F79EFBC}") = "Poison.Train", "Poison.Train\Poison.Train.csproj", "{87547C84-8542-4BD5-8454-3FDA760E5B17}"
EndProject
Global
	GlobalSection(SolutionConfigurationPlatforms) = preSolution
		Debug|Any CPU = Debug|Any CPU
		Release|Any CPU = Release|Any CPU
	EndGlobalSection
	GlobalSection(ProjectConfigurationPlatforms) = postSolution
		{DF1CF93F-8168-4D16-952A-25B2EFE6F17E}.Debug|Any CPU.ActiveCfg = Debug|Any CPU
		{DF1CF93F-8168-4D16-952A-25B2EFE6F17E}.Debug|Any CPU.Build.0 = Debug|Any CPU
		{DF1CF93F-8168-4D16-952A-25B2EFE6F17E}.Release|Any CPU.ActiveCfg = Release|Any CPU
		{DF1CF93F-8168-4D16-952A-25B2EFE6F17E}.Release|Any CPU.Build.0 = Release|Any CPU
		{3A3E4AD3-EB9C-4847-9E82-367296F25E96}.Debug|Any CPU.ActiveCfg = Debug|Any CPU
		{3A3E4AD3-EB9C-4847-9E82-367296F25E96}.Debug|Any CPU.Build.0 = Debug|Any CPU
		{3A3E4AD3-EB9C-4847-9E82-367296F25E96}.Release|Any CPU.ActiveCfg = Release|Any CPU
		{3A3E4AD3-EB9C-4847-9E82-367296F25E96}.Release|Any CPU.Build.0 = Release|Any CPU
		{3F8AD7A8-BBF7-4BFF-9C52-29844B9735C3}.Debug|Any CPU.ActiveCfg = Debug|Any CPU
		{3F8AD7A8-BBF7-4BFF-9C52-29844B9735C3}.Debug|Any CPU.Build.0 = Debug|Any CPU
		{3F8AD7A8-BBF7-4BFF-9C52-29844B9735C3}.Release|Any CPU.ActiveCfg = Release|Any CPU
		{3F8AD7A8-BBF7-4BFF-9C52-29844B9735C3}.Release|Any CPU.Build.0 = Release|Any CPU
		{87547C84-8542-4BD5-8454-3FDA760E5B17}.Debug|Any CPU.ActiveCfg = Debug|Any CPU
		{87547C84-8542-4BD5-8454-3FDA760E5B17}.Debug|Any CPU.Build.0 = Debug|Any CPU
		{87547C84-8542-4BD5-8454-3FDA760E5B17}.Release|Any CPU.ActiveCfg = Release|Any CPU
		{87547C84-8542-4BD5-8454-3FDA760E5B17}.Release|Any CPU.Build.0 = Release|Any CPU
	EndGlobalSection
	GlobalSection(SolutionProperties) = preSolution
		HideSolutionNode = FALSE
	EndGlobalSection
EndGlobal
